
Microsoft Visual Studio Solution File, Format Version 12.00
# Visual Studio Version 16
VisualStudioVersion = 16.0.32002.261
MinimumVisualStudioVersion = 10.0.40219.1
Project("{9A19103F-16F7-4668-BE54-9A1E7A4F7556}") = "StorePriceMonitor.API", "StorePriceMonitor.API.csproj", "{E701942B-81F9-40EB-9671-F43989302A66}"
EndProject
Project("{9A19103F-16F7-4668-BE54-9A1E7A4F7556}") = "StorePriceMonitor.Core", "..\StockPriceMonitor.Core\StorePriceMonitor.Core.csproj", "{B559E334-4E46-4A9F-A7B0-069A0C4F7F90}"
EndProject
Project("{9A19103F-16F7-4668-BE54-9A1E7A4F7556}") = "StorePriceMonitor.Domain", "..\StockPriceMonitor.Domain\StorePriceMonitor.Domain.csproj", "{9E90DF7B-0FE7-44C5-A27A-2B4DF85845CC}"
EndProject
Project("{9A19103F-16F7-4668-BE54-9A1E7A4F7556}") = "StorePriceMonitor.Infastructure", "..\StockPriceMonitor.Infastructure\StorePriceMonitor.Infastructure.csproj", "{94EB765D-69B5-45A4-B3DB-B6B1A811442E}"
EndProject
Global
	GlobalSection(SolutionConfigurationPlatforms) = preSolution
		Debug|Any CPU = Debug|Any CPU
		Release|Any CPU = Release|Any CPU
	EndGlobalSection
	GlobalSection(ProjectConfigurationPlatforms) = postSolution
		{E701942B-81F9-40EB-9671-F43989302A66}.Debug|Any CPU.ActiveCfg = Debug|Any CPU
		{E701942B-81F9-40EB-9671-F43989302A66}.Debug|Any CPU.Build.0 = Debug|Any CPU
		{E701942B-81F9-40EB-9671-F43989302A66}.Release|Any CPU.ActiveCfg = Release|Any CPU
		{E701942B-81F9-40EB-9671-F43989302A66}.Release|Any CPU.Build.0 = Release|Any CPU
		{B559E334-4E46-4A9F-A7B0-069A0C4F7F90}.Debug|Any CPU.ActiveCfg = Debug|Any CPU
		{B559E334-4E46-4A9F-A7B0-069A0C4F7F90}.Debug|Any CPU.Build.0 = Debug|Any CPU
		{B559E334-4E46-4A9F-A7B0-069A0C4F7F90}.Release|Any CPU.ActiveCfg = Release|Any CPU
		{B559E334-4E46-4A9F-A7B0-069A0C4F7F90}.Release|Any CPU.Build.0 = Release|Any CPU
		{9E90DF7B-0FE7-44C5-A27A-2B4DF85845CC}.Debug|Any CPU.ActiveCfg = Debug|Any CPU
		{9E90DF7B-0FE7-44C5-A27A-2B4DF85845CC}.Debug|Any CPU.Build.0 = Debug|Any CPU
		{9E90DF7B-0FE7-44C5-A27A-2B4DF85845CC}.Release|Any CPU.ActiveCfg = Release|Any CPU
		{9E90DF7B-0FE7-44C5-A27A-2B4DF85845CC}.Release|Any CPU.Build.0 = Release|Any CPU
		{94EB765D-69B5-45A4-B3DB-B6B1A811442E}.Debug|Any CPU.ActiveCfg = Debug|Any CPU
		{94EB765D-69B5-45A4-B3DB-B6B1A811442E}.Debug|Any CPU.Build.0 = Debug|Any CPU
		{94EB765D-69B5-45A4-B3DB-B6B1A811442E}.Release|Any CPU.ActiveCfg = Release|Any CPU
		{94EB765D-69B5-45A4-B3DB-B6B1A811442E}.Release|Any CPU.Build.0 = Release|Any CPU
	EndGlobalSection
	GlobalSection(SolutionProperties) = preSolution
		HideSolutionNode = FALSE
	EndGlobalSection
	GlobalSection(ExtensibilityGlobals) = postSolution
		SolutionGuid = {2F39DFC0-4AF9-4423-ABC4-63E81AAC511B}
	EndGlobalSection
EndGlobal
